{
  "name": "@writetome51/get-array-year-month-day-hours-minutes-seconds",
  "version": "0.0.1",
  "lockfileVersion": 1,
  "requires": true,
  "dependencies": {
    "@writetome51/not": {
      "version": "1.0.5",
      "resolved": "https://registry.npmjs.org/@writetome51/not/-/not-1.0.5.tgz",
      "integrity": "sha512-aZWWAnbfb5zi0dkfUyiSQaC2Ag2LMbvWA6QzRLS0537XZ/DQOeUKUSsxIltZ9vFoPY8kPuCrS/30mC6+q/u81w=="
    }
  }
}
