{
  "name": "@writetome51/get-ymd-hms",
  "version": "0.0.1",
  "lockfileVersion": 1,
  "requires": true,
  "dependencies": {
    "@writetome51/not": {
      "version": "2.0.0",
      "resolved": "https://registry.npmjs.org/@writetome51/not/-/not-2.0.0.tgz",
      "integrity": "sha512-CS+S0XafZPStxI16/27TBIfQETu5JfvD9VPBbw7sr42Vjotv6q02IjtwLgfAVcjQlsj+IL5I+2Hs6uoI7kinmA=="
    },
    "@writetome51/to-str": {
      "version": "0.0.1",
      "resolved": "https://registry.npmjs.org/@writetome51/to-str/-/to-str-0.0.1.tgz",
      "integrity": "sha512-DtS7pjaf2moRZSrdI4TCLRMVguQ75Djm3jEgv/SjzIycbdYdKYVHQE6iIQX/fF2JJ10FJ48G4w42vgNd9W5xTQ=="
    }
  }
}
